
Microsoft Visual Studio Solution File, Format Version 12.00
# Visual Studio Version 17
VisualStudioVersion = 17.4.33205.214
MinimumVisualStudioVersion = 10.0.40219.1
Project("{FAE04EC0-301F-11D3-BF4B-00C04F79EFBC}") = "HotelBookingAPI", "HotelBookingAPI\HotelBookingAPI.csproj", "{64144846-223A-4698-A1A3-AB45EADCC646}"
EndProject
Global
	GlobalSection(SolutionConfigurationPlatforms) = preSolution
		Debug|Any CPU = Debug|Any CPU
		Release|Any CPU = Release|Any CPU
	EndGlobalSection
	GlobalSection(ProjectConfigurationPlatforms) = postSolution
		{64144846-223A-4698-A1A3-AB45EADCC646}.Debug|Any CPU.ActiveCfg = Debug|Any CPU
		{64144846-223A-4698-A1A3-AB45EADCC646}.Debug|Any CPU.Build.0 = Debug|Any CPU
		{64144846-223A-4698-A1A3-AB45EADCC646}.Release|Any CPU.ActiveCfg = Release|Any CPU
		{64144846-223A-4698-A1A3-AB45EADCC646}.Release|Any CPU.Build.0 = Release|Any CPU
	EndGlobalSection
	GlobalSection(SolutionProperties) = preSolution
		HideSolutionNode = FALSE
	EndGlobalSection
	GlobalSection(ExtensibilityGlobals) = postSolution
		SolutionGuid = {784C4D50-84D0-4B62-B014-A39D7B2A568A}
	EndGlobalSection
EndGlobal
